
Microsoft Visual Studio Solution File, Format Version 12.00
# Visual Studio 15
VisualStudioVersion = 15.0.27130.2027
MinimumVisualStudioVersion = 10.0.40219.1
Project("{FAE04EC0-301F-11D3-BF4B-00C04F79EFBC}") = "igpm7", "igpm7\igpm7.csproj", "{328AEA9C-F41E-4569-B975-6B75A5E6BA56}"
EndProject
Global
	GlobalSection(SolutionConfigurationPlatforms) = preSolution
		Debug|Any CPU = Debug|Any CPU
		Release|Any CPU = Release|Any CPU
	EndGlobalSection
	GlobalSection(ProjectConfigurationPlatforms) = postSolution
		{328AEA9C-F41E-4569-B975-6B75A5E6BA56}.Debug|Any CPU.ActiveCfg = Debug|Any CPU
		{328AEA9C-F41E-4569-B975-6B75A5E6BA56}.Debug|Any CPU.Build.0 = Debug|Any CPU
		{328AEA9C-F41E-4569-B975-6B75A5E6BA56}.Release|Any CPU.ActiveCfg = Release|Any CPU
		{328AEA9C-F41E-4569-B975-6B75A5E6BA56}.Release|Any CPU.Build.0 = Release|Any CPU
	EndGlobalSection
	GlobalSection(SolutionProperties) = preSolution
		HideSolutionNode = FALSE
	EndGlobalSection
	GlobalSection(ExtensibilityGlobals) = postSolution
		SolutionGuid = {DE7E64C4-FE94-4F8F-84E0-44B0064F044F}
	EndGlobalSection
EndGlobal
