
Microsoft Visual Studio Solution File, Format Version 12.00
# Visual Studio 15
VisualStudioVersion = 15.0.27703.2042
MinimumVisualStudioVersion = 10.0.40219.1
Project("{FAE04EC0-301F-11D3-BF4B-00C04F79EFBC}") = "Lab6", "Lab6\Lab6.csproj", "{B9530D44-F3F6-452B-90B0-0FB59D23877E}"
EndProject
Global
	GlobalSection(SolutionConfigurationPlatforms) = preSolution
		Debug|Any CPU = Debug|Any CPU
		Release|Any CPU = Release|Any CPU
	EndGlobalSection
	GlobalSection(ProjectConfigurationPlatforms) = postSolution
		{B9530D44-F3F6-452B-90B0-0FB59D23877E}.Debug|Any CPU.ActiveCfg = Debug|Any CPU
		{B9530D44-F3F6-452B-90B0-0FB59D23877E}.Debug|Any CPU.Build.0 = Debug|Any CPU
		{B9530D44-F3F6-452B-90B0-0FB59D23877E}.Release|Any CPU.ActiveCfg = Release|Any CPU
		{B9530D44-F3F6-452B-90B0-0FB59D23877E}.Release|Any CPU.Build.0 = Release|Any CPU
	EndGlobalSection
	GlobalSection(SolutionProperties) = preSolution
		HideSolutionNode = FALSE
	EndGlobalSection
	GlobalSection(ExtensibilityGlobals) = postSolution
		SolutionGuid = {FE380315-16B2-44D3-814A-72A790C4017F}
	EndGlobalSection
EndGlobal
